// !$*UTF8*$!
{
	archiveVersion = 1;
	classes = {
	};
	objectVersion = 46;
	objects = {

/* Begin PBXBuildFile section */
		49EBFF4D1E8E6918002B5DAC /* AppDelegate.swift in Sources */ = {isa = PBXBuildFile; fileRef = 49EBFF4C1E8E6918002B5DAC /* AppDelegate.swift */; };
		49EBFF4F1E8E6918002B5DAC /* ViewController.swift in Sources */ = {isa = PBXBuildFile; fileRef = 49EBFF4E1E8E6918002B5DAC /* ViewController.swift */; };
		49EBFF521E8E6918002B5DAC /* Main.storyboard in Resources */ = {isa = PBXBuildFile; fileRef = 49EBFF501E8E6918002B5DAC /* Main.storyboard */; };
		49EBFF541E8E6918002B5DAC /* Assets.xcassets in Resources */ = {isa = PBXBuildFile; fileRef = 49EBFF531E8E6918002B5DAC /* Assets.xcassets */; };
		49EBFF571E8E6918002B5DAC /* LaunchScreen.storyboard in Resources */ = {isa = PBXBuildFile; fileRef = 49EBFF551E8E6918002B5DAC /* LaunchScreen.storyboard */; };
/* End PBXBuildFile section */

/* Begin PBXFileReference section */
		49EBFF491E8E6918002B5DAC /* AlertController.app */ = {isa = PBXFileReference; explicitFileType = wrapper.application; includeInIndex = 0; path = AlertController.app; sourceTree = BUILT_PRODUCTS_DIR; };
		49EBFF4C1E8E6918002B5DAC /* AppDelegate.swift */ = {isa = PBXFileReference; lastKnownFileType = sourcecode.swift; path = AppDelegate.swift; sourceTree = "<group>"; };
		49EBFF4E1E8E6918002B5DAC /* ViewController.swift */ = {isa = PBXFileReference; lastKnownFileType = sourcecode.swift; path = ViewController.swift; sourceTree = "<group>"; };
		49EBFF511E8E6918002B5DAC /* Base */ = {isa = PBXFileReference; lastKnownFileType = file.storyboard; name = Base; path = Base.lproj/Main.storyboard; sourceTree = "<group>"; };
		49EBFF531E8E6918002B5DAC /* Assets.xcassets */ = {isa = PBXFileReference; lastKnownFileType = folder.assetcatalog; path = Assets.xcassets; sourceTree = "<group>"; };
		49EBFF561E8E6918002B5DAC /* Base */ = {isa = PBXFileReference; lastKnownFileType = file.storyboard; name = Base; path = Base.lproj/LaunchScreen.storyboard; sourceTree = "<group>"; };
		49EBFF581E8E6918002B5DAC /* Info.plist */ = {isa = PBXFileReference; lastKnownFileType = text.plist.xml; path = Info.plist; sourceTree = "<group>"; };
/* End PBXFileReference section */

/* Begin PBXFrameworksBuildPhase section */
		49EBFF461E8E6918002B5DAC /* Frameworks */ = {
			isa = PBXFrameworksBuildPhase;
			buildActionMask = 2147483647;
			files = (
			);
			runOnlyForDeploymentPostprocessing = 0;
		};
/* End PBXFrameworksBuildPhase section */

/* Begin PBXGroup section */
		49EBFF401E8E6918002B5DAC = {
			isa = PBXGroup;
			children = (
				49EBFF4B1E8E6918002B5DAC /* AlertController */,
				49EBFF4A1E8E6918002B5DAC /* Products */,
			);
			sourceTree = "<group>";
		};
		49EBFF4A1E8E6918002B5DAC /* Products */ = {
			isa = PBXGroup;
			children = (
				49EBFF491E8E6918002B5DAC /* AlertController.app */,
			);
			name = Products;
			sourceTree = "<group>";
		};
		49EBFF4B1E8E6918002B5DAC /* AlertController */ = {
			isa = PBXGroup;
			children = (
				49EBFF4C1E8E6918002B5DAC /* AppDelegate.swift */,
				49EBFF4E1E8E6918002B5DAC /* ViewController.swift */,
				49EBFF501E8E6918002B5DAC /* Main.storyboard */,
				49EBFF531E8E6918002B5DAC /* Assets.xcassets */,
				49EBFF551E8E6918002B5DAC /* LaunchScreen.storyboard */,
				49EBFF581E8E6918002B5DAC /* Info.plist */,
			);
			path = AlertController;
			sourceTree = "<group>";
		};
/* End PBXGroup section */

/* Begin PBXNativeTarget section */
		49EBFF481E8E6918002B5DAC /* AlertController */ = {
			isa = PBXNativeTarget;
			buildConfigurationList = 49EBFF5B1E8E6918002B5DAC /* Build configuration list for PBXNativeTarget "AlertController" */;
			buildPhases = (
				49EBFF451E8E6918002B5DAC /* Sources */,
				49EBFF461E8E6918002B5DAC /* Frameworks */,
				49EBFF471E8E6918002B5DAC /* Resources */,
			);
			buildRules = (
			);
			dependencies = (
			);
			name = AlertController;
			productName = AlertController;
			productReference = 49EBFF491E8E6918002B5DAC /* AlertController.app */;
			productType = "com.apple.product-type.application";
		};
/* End PBXNativeTarget section */

/* Begin PBXProject section */
		49EBFF411E8E6918002B5DAC /* Project object */ = {
			isa = PBXProject;
			attributes = {
				LastSwiftUpdateCheck = 0820;
				LastUpgradeCheck = 0820;
				ORGANIZATIONNAME = "NGA Group Inc";
				TargetAttributes = {
					49EBFF481E8E6918002B5DAC = {
						CreatedOnToolsVersion = 8.2.1;
						ProvisioningStyle = Automatic;
					};
				};
			};
			buildConfigurationList = 49EBFF441E8E6918002B5DAC /* Build configuration list for PBXProject "AlertController" */;
			compatibilityVersion = "Xcode 3.2";
			developmentRegion = English;
			hasScannedForEncodings = 0;
			knownRegions = (
				en,
				Base,
			);
			mainGroup = 49EBFF401E8E6918002B5DAC;
			productRefGroup = 49EBFF4A1E8E6918002B5DAC /* Products */;
			projectDirPath = "";
			projectRoot = "";
			targets = (
				49EBFF481E8E6918002B5DAC /* AlertController */,
			);
		};
/* End PBXProject section */

/* Begin PBXResourcesBuildPhase section */
		49EBFF471E8E6918002B5DAC /* Resources */ = {
			isa = PBXResourcesBuildPhase;
			buildActionMask = 2147483647;
			files = (
				49EBFF571E8E6918002B5DAC /* LaunchScreen.storyboard in Resources */,
				49EBFF541E8E6918002B5DAC /* Assets.xcassets in Resources */,
				49EBFF521E8E6918002B5DAC /* Main.storyboard in Resources */,
			);
			runOnlyForDeploymentPostprocessing = 0;
		};
/* End PBXResourcesBuildPhase section */

/* Begin PBXSourcesBuildPhase section */
		49EBFF451E8E6918002B5DAC /* Sources */ = {
			isa = PBXSourcesBuildPhase;
			buildActionMask = 2147483647;
			files = (
				49EBFF4F1E8E6918002B5DAC /* ViewController.swift in Sources */,
				49EBFF4D1E8E6918002B5DAC /* AppDelegate.swift in Sources */,
			);
			runOnlyForDeploymentPostprocessing = 0;
		};
/* End PBXSourcesBuildPhase section */

/* Begin PBXVariantGroup section */
		49EBFF501E8E6918002B5DAC /* Main.storyboard */ = {
			isa = PBXVariantGroup;
			children = (
				49EBFF511E8E6918002B5DAC /* Base */,
			);
			name = Main.storyboard;
			sourceTree = "<group>";
		};
		49EBFF551E8E6918002B5DAC /* LaunchScreen.storyboard */ = {
			isa = PBXVariantGroup;
			children = (
				49EBFF561E8E6918002B5DAC /* Base */,
			);
			name = LaunchScreen.storyboard;
			sourceTree = "<group>";
		};
/* End PBXVariantGroup section */

/* Begin XCBuildConfiguration section */
		49EBFF591E8E6918002B5DAC /* Debug */ = {
			isa = XCBuildConfiguration;
			buildSettings = {
				ALWAYS_SEARCH_USER_PATHS = NO;
				CLANG_ANALYZER_NONNULL = YES;
				CLANG_CXX_LANGUAGE_STANDARD = "gnu++0x";
				CLANG_CXX_LIBRARY = "libc++";
				CLANG_ENABLE_MODULES = YES;
				CLANG_ENABLE_OBJC_ARC = YES;
				CLANG_WARN_BOOL_CONVERSION = YES;
				CLANG_WARN_CONSTANT_CONVERSION = YES;
				CLANG_WARN_DIRECT_OBJC_ISA_USAGE = YES_ERROR;
				CLANG_WARN_DOCUMENTATION_COMMENTS = YES;
				CLANG_WARN_EMPTY_BODY = YES;
				CLANG_WARN_ENUM_CONVERSION = YES;
				CLANG_WARN_INFINITE_RECURSION = YES;
				CLANG_WARN_INT_CONVERSION = YES;
				CLANG_WARN_OBJC_ROOT_CLASS = YES_ERROR;
				CLANG_WARN_SUSPICIOUS_MOVE = YES;
				CLANG_WARN_UNREACHABLE_CODE = YES;
				CLANG_WARN__DUPLICATE_METHOD_MATCH = YES;
				"CODE_SIGN_IDENTITY[sdk=iphoneos*]" = "iPhone Developer";
				COPY_PHASE_STRIP = NO;
				DEBUG_INFORMATION_FORMAT = dwarf;
				ENABLE_STRICT_OBJC_MSGSEND = YES;
				ENABLE_TESTABILITY = YES;
				GCC_C_LANGUAGE_STANDARD = gnu99;
				GCC_DYNAMIC_NO_PIC = NO;
				GCC_NO_COMMON_BLOCKS = YES;
				GCC_OPTIMIZATION_LEVEL = 0;
				GCC_PREPROCESSOR_DEFINITIONS = (
					"DEBUG=1",
					"$(inherited)",
				);
				GCC_WARN_64_TO_32_BIT_CONVERSION = YES;
				GCC_WARN_ABOUT_RETURN_TYPE = YES_ERROR;
				GCC_WARN_UNDECLARED_SELECTOR = YES;
				GCC_WARN_UNINITIALIZED_AUTOS = YES_AGGRESSIVE;
				GCC_WARN_UNUSED_FUNCTION = YES;
				GCC_WARN_UNUSED_VARIABLE = YES;
				IPHONEOS_DEPLOYMENT_TARGET = 10.2;
				MTL_ENABLE_DEBUG_INFO = YES;
				ONLY_ACTIVE_ARCH = YES;
				SDKROOT = iphoneos;
				SWIFT_ACTIVE_COMPILATION_CONDITIONS = DEBUG;
				SWIFT_OPTIMIZATION_LEVEL = "-Onone";
				TARGETED_DEVICE_FAMILY = "1,2";
			};
			name = Debug;
		};
		49EBFF5A1E8E6918002B5DAC /* Release */ = {
			isa = XCBuildConfiguration;
			buildSettings = {
				ALWAYS_SEARCH_USER_PATHS = NO;
				CLANG_ANALYZER_NONNULL = YES;
				CLANG_CXX_LANGUAGE_STANDARD = "gnu++0x";
				CLANG_CXX_LIBRARY = "libc++";
				CLANG_ENABLE_MODULES = YES;
				CLANG_ENABLE_OBJC_ARC = YES;
				CLANG_WARN_BOOL_CONVERSION = YES;
				CLANG_WARN_CONSTANT_CONVERSION = YES;
				CLANG_WARN_DIRECT_OBJC_ISA_USAGE = YES_ERROR;
				CLANG_WARN_DOCUMENTATION_COMMENTS = YES;
				CLANG_WARN_EMPTY_BODY = YES;
				CLANG_WARN_ENUM_CONVERSION = YES;
				CLANG_WARN_INFINITE_RECURSION = YES;
				CLANG_WARN_INT_CONVERSION = YES;
				CLANG_WARN_OBJC_ROOT_CLASS = YES_ERROR;
				CLANG_WARN_SUSPICIOUS_MOVE = YES;
				CLANG_WARN_UNREACHABLE_CODE = YES;
				CLANG_WARN__DUPLICATE_METHOD_MATCH = YES;
				"CODE_SIGN_IDENTITY[sdk=iphoneos*]" = "iPhone Developer";
				COPY_PHASE_STRIP = NO;
				DEBUG_INFORMATION_FORMAT = "dwarf-with-dsym";
				ENABLE_NS_ASSERTIONS = NO;
				ENABLE_STRICT_OBJC_MSGSEND = YES;
				GCC_C_LANGUAGE_STANDARD = gnu99;
				GCC_NO_COMMON_BLOCKS = YES;
				GCC_WARN_64_TO_32_BIT_CONVERSION = YES;
				GCC_WARN_ABOUT_RETURN_TYPE = YES_ERROR;
				GCC_WARN_UNDECLARED_SELECTOR = YES;
				GCC_WARN_UNINITIALIZED_AUTOS = YES_AGGRESSIVE;
				GCC_WARN_UNUSED_FUNCTION = YES;
				GCC_WARN_UNUSED_VARIABLE = YES;
				IPHONEOS_DEPLOYMENT_TARGET = 10.2;
				MTL_ENABLE_DEBUG_INFO = NO;
				SDKROOT = iphoneos;
				SWIFT_OPTIMIZATION_LEVEL = "-Owholemodule";
				TARGETED_DEVICE_FAMILY = "1,2";
				VALIDATE_PRODUCT = YES;
			};
			name = Release;
		};
		49EBFF5C1E8E6918002B5DAC /* Debug */ = {
			isa = XCBuildConfiguration;
			buildSettings = {
				ASSETCATALOG_COMPILER_APPICON_NAME = AppIcon;
				INFOPLIST_FILE = AlertController/Info.plist;
				LD_RUNPATH_SEARCH_PATHS = "$(inherited) @executable_path/Frameworks";
				PRODUCT_BUNDLE_IDENTIFIER = com.ngagroupinc.AlertController;
				PRODUCT_NAME = "$(TARGET_NAME)";
				SWIFT_VERSION = 3.0;
			};
			name = Debug;
		};
		49EBFF5D1E8E6918002B5DAC /* Release */ = {
			isa = XCBuildConfiguration;
			buildSettings = {
				ASSETCATALOG_COMPILER_APPICON_NAME = AppIcon;
				INFOPLIST_FILE = AlertController/Info.plist;
				LD_RUNPATH_SEARCH_PATHS = "$(inherited) @executable_path/Frameworks";
				PRODUCT_BUNDLE_IDENTIFIER = com.ngagroupinc.AlertController;
				PRODUCT_NAME = "$(TARGET_NAME)";
				SWIFT_VERSION = 3.0;
			};
			name = Release;
		};
/* End XCBuildConfiguration section */

/* Begin XCConfigurationList section */
		49EBFF441E8E6918002B5DAC /* Build configuration list for PBXProject "AlertController" */ = {
			isa = XCConfigurationList;
			buildConfigurations = (
				49EBFF591E8E6918002B5DAC /* Debug */,
				49EBFF5A1E8E6918002B5DAC /* Release */,
			);
			defaultConfigurationIsVisible = 0;
			defaultConfigurationName = Release;
		};
		49EBFF5B1E8E6918002B5DAC /* Build configuration list for PBXNativeTarget "AlertController" */ = {
			isa = XCConfigurationList;
			buildConfigurations = (
				49EBFF5C1E8E6918002B5DAC /* Debug */,
				49EBFF5D1E8E6918002B5DAC /* Release */,
			);
			defaultConfigurationIsVisible = 0;
		};
/* End XCConfigurationList section */
	};
	rootObject = 49EBFF411E8E6918002B5DAC /* Project object */;
}
